
Microsoft Visual Studio Solution File, Format Version 12.00
# Visual Studio 15
VisualStudioVersion = 15.0.28010.2003
MinimumVisualStudioVersion = 10.0.40219.1
Project("{FAE04EC0-301F-11D3-BF4B-00C04F79EFBC}") = "Noticioneitor", "Noticioneitor\Noticioneitor.csproj", "{7CB6AAE4-DF9E-42D6-949C-12413BE4B5AB}"
EndProject
Global
	GlobalSection(SolutionConfigurationPlatforms) = preSolution
		Debug|Any CPU = Debug|Any CPU
		Release|Any CPU = Release|Any CPU
	EndGlobalSection
	GlobalSection(ProjectConfigurationPlatforms) = postSolution
		{7CB6AAE4-DF9E-42D6-949C-12413BE4B5AB}.Debug|Any CPU.ActiveCfg = Debug|Any CPU
		{7CB6AAE4-DF9E-42D6-949C-12413BE4B5AB}.Debug|Any CPU.Build.0 = Debug|Any CPU
		{7CB6AAE4-DF9E-42D6-949C-12413BE4B5AB}.Release|Any CPU.ActiveCfg = Release|Any CPU
		{7CB6AAE4-DF9E-42D6-949C-12413BE4B5AB}.Release|Any CPU.Build.0 = Release|Any CPU
	EndGlobalSection
	GlobalSection(SolutionProperties) = preSolution
		HideSolutionNode = FALSE
	EndGlobalSection
	GlobalSection(ExtensibilityGlobals) = postSolution
		SolutionGuid = {86143DDC-9B7B-47D4-8760-A40AC2E1945A}
	EndGlobalSection
EndGlobal
